// !$*UTF8*$!
{
	archiveVersion = 1;
	classes = {
	};
	objectVersion = 56;
	objects = {

/* Begin PBXBuildFile section */
		BE34569529740E8B005A1B19 /* WisherApp.swift in Sources */ = {isa = PBXBuildFile; fileRef = BE34569429740E8B005A1B19 /* WisherApp.swift */; };
		BE34569729740E8B005A1B19 /* ContentView.swift in Sources */ = {isa = PBXBuildFile; fileRef = BE34569629740E8B005A1B19 /* ContentView.swift */; };
		BE34569929740E8C005A1B19 /* Assets.xcassets in Resources */ = {isa = PBXBuildFile; fileRef = BE34569829740E8C005A1B19 /* Assets.xcassets */; };
		BE34569C29740E8C005A1B19 /* Preview Assets.xcassets in Resources */ = {isa = PBXBuildFile; fileRef = BE34569B29740E8C005A1B19 /* Preview Assets.xcassets */; };
		BE3456A52974117A005A1B19 /* GoogleService-Info.plist in Resources */ = {isa = PBXBuildFile; fileRef = BE3456A42974117A005A1B19 /* GoogleService-Info.plist */; };
		BE3456A8297411EF005A1B19 /* FirebaseAuth in Frameworks */ = {isa = PBXBuildFile; productRef = BE3456A7297411EF005A1B19 /* FirebaseAuth */; };
		BE3456AC29741235005A1B19 /* LoginView.swift in Sources */ = {isa = PBXBuildFile; fileRef = BE3456AB29741235005A1B19 /* LoginView.swift */; };
		BE3456AF29742282005A1B19 /* FirebaseFirestore in Frameworks */ = {isa = PBXBuildFile; productRef = BE3456AE29742282005A1B19 /* FirebaseFirestore */; };
		BE3456B129742282005A1B19 /* FirebaseFirestoreSwift in Frameworks */ = {isa = PBXBuildFile; productRef = BE3456B029742282005A1B19 /* FirebaseFirestoreSwift */; };
		BE3456B329742282005A1B19 /* FirebaseStorage in Frameworks */ = {isa = PBXBuildFile; productRef = BE3456B229742282005A1B19 /* FirebaseStorage */; };
		BE3456B529742428005A1B19 /* User.swift in Sources */ = {isa = PBXBuildFile; fileRef = BE3456B429742428005A1B19 /* User.swift */; };
		BE3456B729742B52005A1B19 /* LoadingView.swift in Sources */ = {isa = PBXBuildFile; fileRef = BE3456B629742B52005A1B19 /* LoadingView.swift */; };
		BE3456BB297432E1005A1B19 /* RegisterView.swift in Sources */ = {isa = PBXBuildFile; fileRef = BE3456BA297432E1005A1B19 /* RegisterView.swift */; };
		BE3456BE29743356005A1B19 /* View+Extensions.swift in Sources */ = {isa = PBXBuildFile; fileRef = BE3456BD29743356005A1B19 /* View+Extensions.swift */; };
		BE3456C0297433B7005A1B19 /* MainView.swift in Sources */ = {isa = PBXBuildFile; fileRef = BE3456BF297433B7005A1B19 /* MainView.swift */; };
		BE3456C2297434A2005A1B19 /* ProfileView.swift in Sources */ = {isa = PBXBuildFile; fileRef = BE3456C1297434A2005A1B19 /* ProfileView.swift */; };
		BE3456C429743B1A005A1B19 /* ReusableProfileContent.swift in Sources */ = {isa = PBXBuildFile; fileRef = BE3456C329743B1A005A1B19 /* ReusableProfileContent.swift */; };
		BE3456C729743C1A005A1B19 /* SDWebImageSwiftUI in Frameworks */ = {isa = PBXBuildFile; productRef = BE3456C629743C1A005A1B19 /* SDWebImageSwiftUI */; };
		BE3456C929747211005A1B19 /* CreateNewPost.swift in Sources */ = {isa = PBXBuildFile; fileRef = BE3456C829747211005A1B19 /* CreateNewPost.swift */; };
		BE3456CB29747242005A1B19 /* Post.swift in Sources */ = {isa = PBXBuildFile; fileRef = BE3456CA29747242005A1B19 /* Post.swift */; };
		BE3456CD29747C4F005A1B19 /* PostsView.swift in Sources */ = {isa = PBXBuildFile; fileRef = BE3456CC29747C4F005A1B19 /* PostsView.swift */; };
		BEC2E18629752A9200A2A5C2 /* ReusablePostsView.swift in Sources */ = {isa = PBXBuildFile; fileRef = BEC2E18529752A9200A2A5C2 /* ReusablePostsView.swift */; };
		BEC2E18829752E7B00A2A5C2 /* PostCardView.swift in Sources */ = {isa = PBXBuildFile; fileRef = BEC2E18729752E7B00A2A5C2 /* PostCardView.swift */; };
		BEC2E18C29753E9A00A2A5C2 /* SearchUserView.swift in Sources */ = {isa = PBXBuildFile; fileRef = BEC2E18B29753E9A00A2A5C2 /* SearchUserView.swift */; };
/* End PBXBuildFile section */

/* Begin PBXFileReference section */
		BE34569129740E8B005A1B19 /* Wisher.app */ = {isa = PBXFileReference; explicitFileType = wrapper.application; includeInIndex = 0; path = Wisher.app; sourceTree = BUILT_PRODUCTS_DIR; };
		BE34569429740E8B005A1B19 /* WisherApp.swift */ = {isa = PBXFileReference; lastKnownFileType = sourcecode.swift; path = WisherApp.swift; sourceTree = "<group>"; };
		BE34569629740E8B005A1B19 /* ContentView.swift */ = {isa = PBXFileReference; lastKnownFileType = sourcecode.swift; path = ContentView.swift; sourceTree = "<group>"; };
		BE34569829740E8C005A1B19 /* Assets.xcassets */ = {isa = PBXFileReference; lastKnownFileType = folder.assetcatalog; path = Assets.xcassets; sourceTree = "<group>"; };
		BE34569B29740E8C005A1B19 /* Preview Assets.xcassets */ = {isa = PBXFileReference; lastKnownFileType = folder.assetcatalog; path = "Preview Assets.xcassets"; sourceTree = "<group>"; };
		BE3456A42974117A005A1B19 /* GoogleService-Info.plist */ = {isa = PBXFileReference; fileEncoding = 4; lastKnownFileType = text.plist.xml; path = "GoogleService-Info.plist"; sourceTree = "<group>"; };
		BE3456AB29741235005A1B19 /* LoginView.swift */ = {isa = PBXFileReference; lastKnownFileType = sourcecode.swift; path = LoginView.swift; sourceTree = "<group>"; };
		BE3456B429742428005A1B19 /* User.swift */ = {isa = PBXFileReference; lastKnownFileType = sourcecode.swift; path = User.swift; sourceTree = "<group>"; };
		BE3456B629742B52005A1B19 /* LoadingView.swift */ = {isa = PBXFileReference; lastKnownFileType = sourcecode.swift; path = LoadingView.swift; sourceTree = "<group>"; };
		BE3456BA297432E1005A1B19 /* RegisterView.swift */ = {isa = PBXFileReference; lastKnownFileType = sourcecode.swift; path = RegisterView.swift; sourceTree = "<group>"; };
		BE3456BD29743356005A1B19 /* View+Extensions.swift */ = {isa = PBXFileReference; lastKnownFileType = sourcecode.swift; path = "View+Extensions.swift"; sourceTree = "<group>"; };
		BE3456BF297433B7005A1B19 /* MainView.swift */ = {isa = PBXFileReference; lastKnownFileType = sourcecode.swift; path = MainView.swift; sourceTree = "<group>"; };
		BE3456C1297434A2005A1B19 /* ProfileView.swift */ = {isa = PBXFileReference; lastKnownFileType = sourcecode.swift; path = ProfileView.swift; sourceTree = "<group>"; };
		BE3456C329743B1A005A1B19 /* ReusableProfileContent.swift */ = {isa = PBXFileReference; lastKnownFileType = sourcecode.swift; path = ReusableProfileContent.swift; sourceTree = "<group>"; };
		BE3456C829747211005A1B19 /* CreateNewPost.swift */ = {isa = PBXFileReference; lastKnownFileType = sourcecode.swift; path = CreateNewPost.swift; sourceTree = "<group>"; };
		BE3456CA29747242005A1B19 /* Post.swift */ = {isa = PBXFileReference; lastKnownFileType = sourcecode.swift; path = Post.swift; sourceTree = "<group>"; };
		BE3456CC29747C4F005A1B19 /* PostsView.swift */ = {isa = PBXFileReference; lastKnownFileType = sourcecode.swift; path = PostsView.swift; sourceTree = "<group>"; };
		BEC2E18529752A9200A2A5C2 /* ReusablePostsView.swift */ = {isa = PBXFileReference; lastKnownFileType = sourcecode.swift; path = ReusablePostsView.swift; sourceTree = "<group>"; };
		BEC2E18729752E7B00A2A5C2 /* PostCardView.swift */ = {isa = PBXFileReference; lastKnownFileType = sourcecode.swift; path = PostCardView.swift; sourceTree = "<group>"; };
		BEC2E18B29753E9A00A2A5C2 /* SearchUserView.swift */ = {isa = PBXFileReference; lastKnownFileType = sourcecode.swift; path = SearchUserView.swift; sourceTree = "<group>"; };
/* End PBXFileReference section */

/* Begin PBXFrameworksBuildPhase section */
		BE34568E29740E8B005A1B19 /* Frameworks */ = {
			isa = PBXFrameworksBuildPhase;
			buildActionMask = 2147483647;
			files = (
				BE3456C729743C1A005A1B19 /* SDWebImageSwiftUI in Frameworks */,
				BE3456A8297411EF005A1B19 /* FirebaseAuth in Frameworks */,
				BE3456B329742282005A1B19 /* FirebaseStorage in Frameworks */,
				BE3456AF29742282005A1B19 /* FirebaseFirestore in Frameworks */,
				BE3456B129742282005A1B19 /* FirebaseFirestoreSwift in Frameworks */,
			);
			runOnlyForDeploymentPostprocessing = 0;
		};
/* End PBXFrameworksBuildPhase section */

/* Begin PBXGroup section */
		BE34568829740E8B005A1B19 = {
			isa = PBXGroup;
			children = (
				BE34569329740E8B005A1B19 /* Wisher */,
				BE34569229740E8B005A1B19 /* Products */,
				BE3456AD29742282005A1B19 /* Frameworks */,
			);
			sourceTree = "<group>";
		};
		BE34569229740E8B005A1B19 /* Products */ = {
			isa = PBXGroup;
			children = (
				BE34569129740E8B005A1B19 /* Wisher.app */,
			);
			name = Products;
			sourceTree = "<group>";
		};
		BE34569329740E8B005A1B19 /* Wisher */ = {
			isa = PBXGroup;
			children = (
				BE3456AA29741220005A1B19 /* Model */,
				BE3456A929741210005A1B19 /* View */,
				BE34569429740E8B005A1B19 /* WisherApp.swift */,
				BE34569629740E8B005A1B19 /* ContentView.swift */,
				BE34569829740E8C005A1B19 /* Assets.xcassets */,
				BE3456A42974117A005A1B19 /* GoogleService-Info.plist */,
				BE34569A29740E8C005A1B19 /* Preview Content */,
			);
			path = Wisher;
			sourceTree = "<group>";
		};
		BE34569A29740E8C005A1B19 /* Preview Content */ = {
			isa = PBXGroup;
			children = (
				BE34569B29740E8C005A1B19 /* Preview Assets.xcassets */,
			);
			path = "Preview Content";
			sourceTree = "<group>";
		};
		BE3456A929741210005A1B19 /* View */ = {
			isa = PBXGroup;
			children = (
				BE3456BC29743337005A1B19 /* Helpers */,
				BE3456B9297432B9005A1B19 /* MainView */,
				BE3456B8297432A7005A1B19 /* Login */,
				BE3456B629742B52005A1B19 /* LoadingView.swift */,
			);
			path = View;
			sourceTree = "<group>";
		};
		BE3456AA29741220005A1B19 /* Model */ = {
			isa = PBXGroup;
			children = (
				BE3456B429742428005A1B19 /* User.swift */,
				BE3456CA29747242005A1B19 /* Post.swift */,
			);
			path = Model;
			sourceTree = "<group>";
		};
		BE3456AD29742282005A1B19 /* Frameworks */ = {
			isa = PBXGroup;
			children = (
			);
			name = Frameworks;
			sourceTree = "<group>";
		};
		BE3456B8297432A7005A1B19 /* Login */ = {
			isa = PBXGroup;
			children = (
				BE3456AB29741235005A1B19 /* LoginView.swift */,
				BE3456BA297432E1005A1B19 /* RegisterView.swift */,
			);
			path = Login;
			sourceTree = "<group>";
		};
		BE3456B9297432B9005A1B19 /* MainView */ = {
			isa = PBXGroup;
			children = (
				BE3456BF297433B7005A1B19 /* MainView.swift */,
				BE3456C829747211005A1B19 /* CreateNewPost.swift */,
				BEC2E18A29753C8500A2A5C2 /* ProfileView */,
				BEC2E18929753C3400A2A5C2 /* PostView */,
				BEC2E18B29753E9A00A2A5C2 /* SearchUserView.swift */,
			);
			path = MainView;
			sourceTree = "<group>";
		};
		BE3456BC29743337005A1B19 /* Helpers */ = {
			isa = PBXGroup;
			children = (
				BE3456BD29743356005A1B19 /* View+Extensions.swift */,
			);
			path = Helpers;
			sourceTree = "<group>";
		};
		BEC2E18929753C3400A2A5C2 /* PostView */ = {
			isa = PBXGroup;
			children = (
				BE3456CC29747C4F005A1B19 /* PostsView.swift */,
				BEC2E18529752A9200A2A5C2 /* ReusablePostsView.swift */,
				BEC2E18729752E7B00A2A5C2 /* PostCardView.swift */,
			);
			path = PostView;
			sourceTree = "<group>";
		};
		BEC2E18A29753C8500A2A5C2 /* ProfileView */ = {
			isa = PBXGroup;
			children = (
				BE3456C1297434A2005A1B19 /* ProfileView.swift */,
				BE3456C329743B1A005A1B19 /* ReusableProfileContent.swift */,
			);
			path = ProfileView;
			sourceTree = "<group>";
		};
/* End PBXGroup section */

/* Begin PBXNativeTarget section */
		BE34569029740E8B005A1B19 /* Wisher */ = {
			isa = PBXNativeTarget;
			buildConfigurationList = BE34569F29740E8C005A1B19 /* Build configuration list for PBXNativeTarget "Wisher" */;
			buildPhases = (
				BE34568D29740E8B005A1B19 /* Sources */,
				BE34568E29740E8B005A1B19 /* Frameworks */,
				BE34568F29740E8B005A1B19 /* Resources */,
			);
			buildRules = (
			);
			dependencies = (
			);
			name = Wisher;
			packageProductDependencies = (
				BE3456A7297411EF005A1B19 /* FirebaseAuth */,
				BE3456AE29742282005A1B19 /* FirebaseFirestore */,
				BE3456B029742282005A1B19 /* FirebaseFirestoreSwift */,
				BE3456B229742282005A1B19 /* FirebaseStorage */,
				BE3456C629743C1A005A1B19 /* SDWebImageSwiftUI */,
			);
			productName = Wisher;
			productReference = BE34569129740E8B005A1B19 /* Wisher.app */;
			productType = "com.apple.product-type.application";
		};
/* End PBXNativeTarget section */

/* Begin PBXProject section */
		BE34568929740E8B005A1B19 /* Project object */ = {
			isa = PBXProject;
			attributes = {
				BuildIndependentTargetsInParallel = 1;
				LastSwiftUpdateCheck = 1420;
				LastUpgradeCheck = 1420;
				TargetAttributes = {
					BE34569029740E8B005A1B19 = {
						CreatedOnToolsVersion = 14.2;
					};
				};
			};
			buildConfigurationList = BE34568C29740E8B005A1B19 /* Build configuration list for PBXProject "Wisher" */;
			compatibilityVersion = "Xcode 14.0";
			developmentRegion = en;
			hasScannedForEncodings = 0;
			knownRegions = (
				en,
				Base,
			);
			mainGroup = BE34568829740E8B005A1B19;
			packageReferences = (
				BE3456A6297411EF005A1B19 /* XCRemoteSwiftPackageReference "firebase-ios-sdk" */,
				BE3456C529743C1A005A1B19 /* XCRemoteSwiftPackageReference "SDWebImageSwiftUI" */,
			);
			productRefGroup = BE34569229740E8B005A1B19 /* Products */;
			projectDirPath = "";
			projectRoot = "";
			targets = (
				BE34569029740E8B005A1B19 /* Wisher */,
			);
		};
/* End PBXProject section */

/* Begin PBXResourcesBuildPhase section */
		BE34568F29740E8B005A1B19 /* Resources */ = {
			isa = PBXResourcesBuildPhase;
			buildActionMask = 2147483647;
			files = (
				BE34569C29740E8C005A1B19 /* Preview Assets.xcassets in Resources */,
				BE34569929740E8C005A1B19 /* Assets.xcassets in Resources */,
				BE3456A52974117A005A1B19 /* GoogleService-Info.plist in Resources */,
			);
			runOnlyForDeploymentPostprocessing = 0;
		};
/* End PBXResourcesBuildPhase section */

/* Begin PBXSourcesBuildPhase section */
		BE34568D29740E8B005A1B19 /* Sources */ = {
			isa = PBXSourcesBuildPhase;
			buildActionMask = 2147483647;
			files = (
				BE3456B529742428005A1B19 /* User.swift in Sources */,
				BE3456C2297434A2005A1B19 /* ProfileView.swift in Sources */,
				BE3456C429743B1A005A1B19 /* ReusableProfileContent.swift in Sources */,
				BE3456CB29747242005A1B19 /* Post.swift in Sources */,
				BE3456C0297433B7005A1B19 /* MainView.swift in Sources */,
				BE3456AC29741235005A1B19 /* LoginView.swift in Sources */,
				BE34569729740E8B005A1B19 /* ContentView.swift in Sources */,
				BEC2E18629752A9200A2A5C2 /* ReusablePostsView.swift in Sources */,
				BE3456BE29743356005A1B19 /* View+Extensions.swift in Sources */,
				BE3456C929747211005A1B19 /* CreateNewPost.swift in Sources */,
				BE3456CD29747C4F005A1B19 /* PostsView.swift in Sources */,
				BE3456BB297432E1005A1B19 /* RegisterView.swift in Sources */,
				BEC2E18829752E7B00A2A5C2 /* PostCardView.swift in Sources */,
				BE3456B729742B52005A1B19 /* LoadingView.swift in Sources */,
				BE34569529740E8B005A1B19 /* WisherApp.swift in Sources */,
				BEC2E18C29753E9A00A2A5C2 /* SearchUserView.swift in Sources */,
			);
			runOnlyForDeploymentPostprocessing = 0;
		};
/* End PBXSourcesBuildPhase section */

/* Begin XCBuildConfiguration section */
		BE34569D29740E8C005A1B19 /* Debug */ = {
			isa = XCBuildConfiguration;
			buildSettings = {
				ALWAYS_SEARCH_USER_PATHS = NO;
				CLANG_ANALYZER_NONNULL = YES;
				CLANG_ANALYZER_NUMBER_OBJECT_CONVERSION = YES_AGGRESSIVE;
				CLANG_CXX_LANGUAGE_STANDARD = "gnu++20";
				CLANG_ENABLE_MODULES = YES;
				CLANG_ENABLE_OBJC_ARC = YES;
				CLANG_ENABLE_OBJC_WEAK = YES;
				CLANG_WARN_BLOCK_CAPTURE_AUTORELEASING = YES;
				CLANG_WARN_BOOL_CONVERSION = YES;
				CLANG_WARN_COMMA = YES;
				CLANG_WARN_CONSTANT_CONVERSION = YES;
				CLANG_WARN_DEPRECATED_OBJC_IMPLEMENTATIONS = YES;
				CLANG_WARN_DIRECT_OBJC_ISA_USAGE = YES_ERROR;
				CLANG_WARN_DOCUMENTATION_COMMENTS = YES;
				CLANG_WARN_EMPTY_BODY = YES;
				CLANG_WARN_ENUM_CONVERSION = YES;
				CLANG_WARN_INFINITE_RECURSION = YES;
				CLANG_WARN_INT_CONVERSION = YES;
				CLANG_WARN_NON_LITERAL_NULL_CONVERSION = YES;
				CLANG_WARN_OBJC_IMPLICIT_RETAIN_SELF = YES;
				CLANG_WARN_OBJC_LITERAL_CONVERSION = YES;
				CLANG_WARN_OBJC_ROOT_CLASS = YES_ERROR;
				CLANG_WARN_QUOTED_INCLUDE_IN_FRAMEWORK_HEADER = YES;
				CLANG_WARN_RANGE_LOOP_ANALYSIS = YES;
				CLANG_WARN_STRICT_PROTOTYPES = YES;
				CLANG_WARN_SUSPICIOUS_MOVE = YES;
				CLANG_WARN_UNGUARDED_AVAILABILITY = YES_AGGRESSIVE;
				CLANG_WARN_UNREACHABLE_CODE = YES;
				CLANG_WARN__DUPLICATE_METHOD_MATCH = YES;
				COPY_PHASE_STRIP = NO;
				DEBUG_INFORMATION_FORMAT = dwarf;
				ENABLE_STRICT_OBJC_MSGSEND = YES;
				ENABLE_TESTABILITY = YES;
				GCC_C_LANGUAGE_STANDARD = gnu11;
				GCC_DYNAMIC_NO_PIC = NO;
				GCC_NO_COMMON_BLOCKS = YES;
				GCC_OPTIMIZATION_LEVEL = 0;
				GCC_PREPROCESSOR_DEFINITIONS = (
					"DEBUG=1",
					"$(inherited)",
				);
				GCC_WARN_64_TO_32_BIT_CONVERSION = YES;
				GCC_WARN_ABOUT_RETURN_TYPE = YES_ERROR;
				GCC_WARN_UNDECLARED_SELECTOR = YES;
				GCC_WARN_UNINITIALIZED_AUTOS = YES_AGGRESSIVE;
				GCC_WARN_UNUSED_FUNCTION = YES;
				GCC_WARN_UNUSED_VARIABLE = YES;
				IPHONEOS_DEPLOYMENT_TARGET = 16.2;
				MTL_ENABLE_DEBUG_INFO = INCLUDE_SOURCE;
				MTL_FAST_MATH = YES;
				ONLY_ACTIVE_ARCH = YES;
				SDKROOT = iphoneos;
				SWIFT_ACTIVE_COMPILATION_CONDITIONS = DEBUG;
				SWIFT_OPTIMIZATION_LEVEL = "-Onone";
			};
			name = Debug;
		};
		BE34569E29740E8C005A1B19 /* Release */ = {
			isa = XCBuildConfiguration;
			buildSettings = {
				ALWAYS_SEARCH_USER_PATHS = NO;
				CLANG_ANALYZER_NONNULL = YES;
				CLANG_ANALYZER_NUMBER_OBJECT_CONVERSION = YES_AGGRESSIVE;
				CLANG_CXX_LANGUAGE_STANDARD = "gnu++20";
				CLANG_ENABLE_MODULES = YES;
				CLANG_ENABLE_OBJC_ARC = YES;
				CLANG_ENABLE_OBJC_WEAK = YES;
				CLANG_WARN_BLOCK_CAPTURE_AUTORELEASING = YES;
				CLANG_WARN_BOOL_CONVERSION = YES;
				CLANG_WARN_COMMA = YES;
				CLANG_WARN_CONSTANT_CONVERSION = YES;
				CLANG_WARN_DEPRECATED_OBJC_IMPLEMENTATIONS = YES;
				CLANG_WARN_DIRECT_OBJC_ISA_USAGE = YES_ERROR;
				CLANG_WARN_DOCUMENTATION_COMMENTS = YES;
				CLANG_WARN_EMPTY_BODY = YES;
				CLANG_WARN_ENUM_CONVERSION = YES;
				CLANG_WARN_INFINITE_RECURSION = YES;
				CLANG_WARN_INT_CONVERSION = YES;
				CLANG_WARN_NON_LITERAL_NULL_CONVERSION = YES;
				CLANG_WARN_OBJC_IMPLICIT_RETAIN_SELF = YES;
				CLANG_WARN_OBJC_LITERAL_CONVERSION = YES;
				CLANG_WARN_OBJC_ROOT_CLASS = YES_ERROR;
				CLANG_WARN_QUOTED_INCLUDE_IN_FRAMEWORK_HEADER = YES;
				CLANG_WARN_RANGE_LOOP_ANALYSIS = YES;
				CLANG_WARN_STRICT_PROTOTYPES = YES;
				CLANG_WARN_SUSPICIOUS_MOVE = YES;
				CLANG_WARN_UNGUARDED_AVAILABILITY = YES_AGGRESSIVE;
				CLANG_WARN_UNREACHABLE_CODE = YES;
				CLANG_WARN__DUPLICATE_METHOD_MATCH = YES;
				COPY_PHASE_STRIP = NO;
				DEBUG_INFORMATION_FORMAT = "dwarf-with-dsym";
				ENABLE_NS_ASSERTIONS = NO;
				ENABLE_STRICT_OBJC_MSGSEND = YES;
				GCC_C_LANGUAGE_STANDARD = gnu11;
				GCC_NO_COMMON_BLOCKS = YES;
				GCC_WARN_64_TO_32_BIT_CONVERSION = YES;
				GCC_WARN_ABOUT_RETURN_TYPE = YES_ERROR;
				GCC_WARN_UNDECLARED_SELECTOR = YES;
				GCC_WARN_UNINITIALIZED_AUTOS = YES_AGGRESSIVE;
				GCC_WARN_UNUSED_FUNCTION = YES;
				GCC_WARN_UNUSED_VARIABLE = YES;
				IPHONEOS_DEPLOYMENT_TARGET = 16.2;
				MTL_ENABLE_DEBUG_INFO = NO;
				MTL_FAST_MATH = YES;
				SDKROOT = iphoneos;
				SWIFT_COMPILATION_MODE = wholemodule;
				SWIFT_OPTIMIZATION_LEVEL = "-O";
				VALIDATE_PRODUCT = YES;
			};
			name = Release;
		};
		BE3456A029740E8C005A1B19 /* Debug */ = {
			isa = XCBuildConfiguration;
			buildSettings = {
				ASSETCATALOG_COMPILER_APPICON_NAME = AppIcon;
				ASSETCATALOG_COMPILER_GLOBAL_ACCENT_COLOR_NAME = AccentColor;
				CODE_SIGN_STYLE = Automatic;
				CURRENT_PROJECT_VERSION = 1;
				DEVELOPMENT_ASSET_PATHS = "\"Wisher/Preview Content\"";
				DEVELOPMENT_TEAM = 4NWWGTVJA4;
				ENABLE_PREVIEWS = YES;
				GENERATE_INFOPLIST_FILE = YES;
				INFOPLIST_KEY_UIApplicationSceneManifest_Generation = YES;
				INFOPLIST_KEY_UIApplicationSupportsIndirectInputEvents = YES;
				INFOPLIST_KEY_UILaunchScreen_Generation = YES;
				INFOPLIST_KEY_UISupportedInterfaceOrientations_iPad = "UIInterfaceOrientationPortrait UIInterfaceOrientationPortraitUpsideDown UIInterfaceOrientationLandscapeLeft UIInterfaceOrientationLandscapeRight";
				INFOPLIST_KEY_UISupportedInterfaceOrientations_iPhone = "UIInterfaceOrientationPortrait UIInterfaceOrientationLandscapeLeft UIInterfaceOrientationLandscapeRight";
				IPHONEOS_DEPLOYMENT_TARGET = 16.0;
				LD_RUNPATH_SEARCH_PATHS = (
					"$(inherited)",
					"@executable_path/Frameworks",
				);
				MARKETING_VERSION = 1.0;
				PRODUCT_BUNDLE_IDENTIFIER = mkr.artem.Wisher;
				PRODUCT_NAME = "$(TARGET_NAME)";
				SWIFT_EMIT_LOC_STRINGS = YES;
				SWIFT_VERSION = 5.0;
				TARGETED_DEVICE_FAMILY = "1,2";
			};
			name = Debug;
		};
		BE3456A129740E8C005A1B19 /* Release */ = {
			isa = XCBuildConfiguration;
			buildSettings = {
				ASSETCATALOG_COMPILER_APPICON_NAME = AppIcon;
				ASSETCATALOG_COMPILER_GLOBAL_ACCENT_COLOR_NAME = AccentColor;
				CODE_SIGN_STYLE = Automatic;
				CURRENT_PROJECT_VERSION = 1;
				DEVELOPMENT_ASSET_PATHS = "\"Wisher/Preview Content\"";
				DEVELOPMENT_TEAM = 4NWWGTVJA4;
				ENABLE_PREVIEWS = YES;
				GENERATE_INFOPLIST_FILE = YES;
				INFOPLIST_KEY_UIApplicationSceneManifest_Generation = YES;
				INFOPLIST_KEY_UIApplicationSupportsIndirectInputEvents = YES;
				INFOPLIST_KEY_UILaunchScreen_Generation = YES;
				INFOPLIST_KEY_UISupportedInterfaceOrientations_iPad = "UIInterfaceOrientationPortrait UIInterfaceOrientationPortraitUpsideDown UIInterfaceOrientationLandscapeLeft UIInterfaceOrientationLandscapeRight";
				INFOPLIST_KEY_UISupportedInterfaceOrientations_iPhone = "UIInterfaceOrientationPortrait UIInterfaceOrientationLandscapeLeft UIInterfaceOrientationLandscapeRight";
				IPHONEOS_DEPLOYMENT_TARGET = 16.0;
				LD_RUNPATH_SEARCH_PATHS = (
					"$(inherited)",
					"@executable_path/Frameworks",
				);
				MARKETING_VERSION = 1.0;
				PRODUCT_BUNDLE_IDENTIFIER = mkr.artem.Wisher;
				PRODUCT_NAME = "$(TARGET_NAME)";
				SWIFT_EMIT_LOC_STRINGS = YES;
				SWIFT_VERSION = 5.0;
				TARGETED_DEVICE_FAMILY = "1,2";
			};
			name = Release;
		};
/* End XCBuildConfiguration section */

/* Begin XCConfigurationList section */
		BE34568C29740E8B005A1B19 /* Build configuration list for PBXProject "Wisher" */ = {
			isa = XCConfigurationList;
			buildConfigurations = (
				BE34569D29740E8C005A1B19 /* Debug */,
				BE34569E29740E8C005A1B19 /* Release */,
			);
			defaultConfigurationIsVisible = 0;
			defaultConfigurationName = Release;
		};
		BE34569F29740E8C005A1B19 /* Build configuration list for PBXNativeTarget "Wisher" */ = {
			isa = XCConfigurationList;
			buildConfigurations = (
				BE3456A029740E8C005A1B19 /* Debug */,
				BE3456A129740E8C005A1B19 /* Release */,
			);
			defaultConfigurationIsVisible = 0;
			defaultConfigurationName = Release;
		};
/* End XCConfigurationList section */

/* Begin XCRemoteSwiftPackageReference section */
		BE3456A6297411EF005A1B19 /* XCRemoteSwiftPackageReference "firebase-ios-sdk" */ = {
			isa = XCRemoteSwiftPackageReference;
			repositoryURL = "https://github.com/firebase/firebase-ios-sdk";
			requirement = {
				kind = upToNextMajorVersion;
				minimumVersion = 9.0.0;
			};
		};
		BE3456C529743C1A005A1B19 /* XCRemoteSwiftPackageReference "SDWebImageSwiftUI" */ = {
			isa = XCRemoteSwiftPackageReference;
			repositoryURL = "https://github.com/SDWebImage/SDWebImageSwiftUI";
			requirement = {
				kind = upToNextMajorVersion;
				minimumVersion = 2.0.0;
			};
		};
/* End XCRemoteSwiftPackageReference section */

/* Begin XCSwiftPackageProductDependency section */
		BE3456A7297411EF005A1B19 /* FirebaseAuth */ = {
			isa = XCSwiftPackageProductDependency;
			package = BE3456A6297411EF005A1B19 /* XCRemoteSwiftPackageReference "firebase-ios-sdk" */;
			productName = FirebaseAuth;
		};
		BE3456AE29742282005A1B19 /* FirebaseFirestore */ = {
			isa = XCSwiftPackageProductDependency;
			package = BE3456A6297411EF005A1B19 /* XCRemoteSwiftPackageReference "firebase-ios-sdk" */;
			productName = FirebaseFirestore;
		};
		BE3456B029742282005A1B19 /* FirebaseFirestoreSwift */ = {
			isa = XCSwiftPackageProductDependency;
			package = BE3456A6297411EF005A1B19 /* XCRemoteSwiftPackageReference "firebase-ios-sdk" */;
			productName = FirebaseFirestoreSwift;
		};
		BE3456B229742282005A1B19 /* FirebaseStorage */ = {
			isa = XCSwiftPackageProductDependency;
			package = BE3456A6297411EF005A1B19 /* XCRemoteSwiftPackageReference "firebase-ios-sdk" */;
			productName = FirebaseStorage;
		};
		BE3456C629743C1A005A1B19 /* SDWebImageSwiftUI */ = {
			isa = XCSwiftPackageProductDependency;
			package = BE3456C529743C1A005A1B19 /* XCRemoteSwiftPackageReference "SDWebImageSwiftUI" */;
			productName = SDWebImageSwiftUI;
		};
/* End XCSwiftPackageProductDependency section */
	};
	rootObject = BE34568929740E8B005A1B19 /* Project object */;
}
